Microsoft Visual Studio Solution File, Format Version 12.00
# Visual Studio Version 17
VisualStudioVersion = 17.5.2.0
MinimumVisualStudioVersion = 10.0.40219.1
Project("{FAE04EC0-301F-11D3-BF4B-00C04F79EFBC}") = "program015a-Konzolova-hra", "program015a-Konzolova-hra.csproj", "{0D6BCCFD-CE18-804C-A3C8-71AC41979638}"
EndProject
Global
	GlobalSection(SolutionConfigurationPlatforms) = preSolution
		Debug|Any CPU = Debug|Any CPU
		Release|Any CPU = Release|Any CPU
	EndGlobalSection
	GlobalSection(ProjectConfigurationPlatforms) = postSolution
		{0D6BCCFD-CE18-804C-A3C8-71AC41979638}.Debug|Any CPU.ActiveCfg = Debug|Any CPU
		{0D6BCCFD-CE18-804C-A3C8-71AC41979638}.Debug|Any CPU.Build.0 = Debug|Any CPU
		{0D6BCCFD-CE18-804C-A3C8-71AC41979638}.Release|Any CPU.ActiveCfg = Release|Any CPU
		{0D6BCCFD-CE18-804C-A3C8-71AC41979638}.Release|Any CPU.Build.0 = Release|Any CPU
	EndGlobalSection
	GlobalSection(SolutionProperties) = preSolution
		HideSolutionNode = FALSE
	EndGlobalSection
	GlobalSection(ExtensibilityGlobals) = postSolution
		SolutionGuid = {F506A83A-6870-44AE-8529-B7B8A76E7A04}
	EndGlobalSection
EndGlobal
