Microsoft Visual Studio Solution File, Format Version 12.00
# Visual Studio Version 17
VisualStudioVersion = 17.5.2.0
MinimumVisualStudioVersion = 10.0.40219.1
Project("{FAE04EC0-301F-11D3-BF4B-00C04F79EFBC}") = "program000a-zakladni-kod", "program000a-zakladni-kod.csproj", "{A69ADF99-6C48-29C7-569A-CFE121156C40}"
EndProject
Global
	GlobalSection(SolutionConfigurationPlatforms) = preSolution
		Debug|Any CPU = Debug|Any CPU
		Release|Any CPU = Release|Any CPU
	EndGlobalSection
	GlobalSection(ProjectConfigurationPlatforms) = postSolution
		{A69ADF99-6C48-29C7-569A-CFE121156C40}.Debug|Any CPU.ActiveCfg = Debug|Any CPU
		{A69ADF99-6C48-29C7-569A-CFE121156C40}.Debug|Any CPU.Build.0 = Debug|Any CPU
		{A69ADF99-6C48-29C7-569A-CFE121156C40}.Release|Any CPU.ActiveCfg = Release|Any CPU
		{A69ADF99-6C48-29C7-569A-CFE121156C40}.Release|Any CPU.Build.0 = Release|Any CPU
	EndGlobalSection
	GlobalSection(SolutionProperties) = preSolution
		HideSolutionNode = FALSE
	EndGlobalSection
	GlobalSection(ExtensibilityGlobals) = postSolution
		SolutionGuid = {6F66AC95-6E7D-40F3-987C-567011212ACA}
	EndGlobalSection
EndGlobal
