Microsoft Visual Studio Solution File, Format Version 12.00
# Visual Studio Version 17
VisualStudioVersion = 17.5.2.0
MinimumVisualStudioVersion = 10.0.40219.1
Project("{FAE04EC0-301F-11D3-BF4B-00C04F79EFBC}") = "program006a_min_max", "program006a_min_max.csproj", "{E3F94DCE-50FD-95AE-6BDC-A0B0EBAEF58D}"
EndProject
Global
	GlobalSection(SolutionConfigurationPlatforms) = preSolution
		Debug|Any CPU = Debug|Any CPU
		Release|Any CPU = Release|Any CPU
	EndGlobalSection
	GlobalSection(ProjectConfigurationPlatforms) = postSolution
		{E3F94DCE-50FD-95AE-6BDC-A0B0EBAEF58D}.Debug|Any CPU.ActiveCfg = Debug|Any CPU
		{E3F94DCE-50FD-95AE-6BDC-A0B0EBAEF58D}.Debug|Any CPU.Build.0 = Debug|Any CPU
		{E3F94DCE-50FD-95AE-6BDC-A0B0EBAEF58D}.Release|Any CPU.ActiveCfg = Release|Any CPU
		{E3F94DCE-50FD-95AE-6BDC-A0B0EBAEF58D}.Release|Any CPU.Build.0 = Release|Any CPU
	EndGlobalSection
	GlobalSection(SolutionProperties) = preSolution
		HideSolutionNode = FALSE
	EndGlobalSection
	GlobalSection(ExtensibilityGlobals) = postSolution
		SolutionGuid = {482816E8-FD47-49AD-8648-5A4C9A0BDEA6}
	EndGlobalSection
EndGlobal
